
Microsoft Visual Studio Solution File, Format Version 12.00
# Visual Studio Version 17
VisualStudioVersion = 17.10.35027.167
MinimumVisualStudioVersion = 10.0.40219.1
Project("{FAE04EC0-301F-11D3-BF4B-00C04F79EFBC}") = "HttpServerTest.Core", "HttpServerTest.Core\HttpServerTest.Core.csproj", "{D1F01C36-7185-4E82-AC20-85BEE2F125CF}"
EndProject
Project("{FAE04EC0-301F-11D3-BF4B-00C04F79EFBC}") = "HttpServerTest.Tests", "HttpServerTest.Tests\HttpServerTest.Tests.csproj", "{883273E7-DD89-4E88-B23A-EA5FBF8CA7A3}"
EndProject
Global
	GlobalSection(SolutionConfigurationPlatforms) = preSolution
		Debug|Any CPU = Debug|Any CPU
		Release|Any CPU = Release|Any CPU
	EndGlobalSection
	GlobalSection(ProjectConfigurationPlatforms) = postSolution
		{D1F01C36-7185-4E82-AC20-85BEE2F125CF}.Debug|Any CPU.ActiveCfg = Debug|Any CPU
		{D1F01C36-7185-4E82-AC20-85BEE2F125CF}.Debug|Any CPU.Build.0 = Debug|Any CPU
		{D1F01C36-7185-4E82-AC20-85BEE2F125CF}.Release|Any CPU.ActiveCfg = Release|Any CPU
		{D1F01C36-7185-4E82-AC20-85BEE2F125CF}.Release|Any CPU.Build.0 = Release|Any CPU
		{883273E7-DD89-4E88-B23A-EA5FBF8CA7A3}.Debug|Any CPU.ActiveCfg = Debug|Any CPU
		{883273E7-DD89-4E88-B23A-EA5FBF8CA7A3}.Debug|Any CPU.Build.0 = Debug|Any CPU
		{883273E7-DD89-4E88-B23A-EA5FBF8CA7A3}.Release|Any CPU.ActiveCfg = Release|Any CPU
		{883273E7-DD89-4E88-B23A-EA5FBF8CA7A3}.Release|Any CPU.Build.0 = Release|Any CPU
	EndGlobalSection
	GlobalSection(SolutionProperties) = preSolution
		HideSolutionNode = FALSE
	EndGlobalSection
	GlobalSection(ExtensibilityGlobals) = postSolution
		SolutionGuid = {FE1CDC67-C692-4F2E-B867-A0F4554C2C29}
	EndGlobalSection
EndGlobal
